// !$*UTF8*$!
{
	archiveVersion = 1;
	classes = {
	};
	objectVersion = 50;
	objects = {

/* Begin PBXBuildFile section */
		EF96134B24EE959B00956583 /* DrinksDetails.swift in Sources */ = {isa = PBXBuildFile; fileRef = EF96134A24EE959B00956583 /* DrinksDetails.swift */; };
		EFE82D8824ED979B0044DFBC /* AppDelegate.swift in Sources */ = {isa = PBXBuildFile; fileRef = EFE82D8724ED979B0044DFBC /* AppDelegate.swift */; };
		EFE82D8A24ED979B0044DFBC /* SceneDelegate.swift in Sources */ = {isa = PBXBuildFile; fileRef = EFE82D8924ED979B0044DFBC /* SceneDelegate.swift */; };
		EFE82D8C24ED979B0044DFBC /* HomeView.swift in Sources */ = {isa = PBXBuildFile; fileRef = EFE82D8B24ED979B0044DFBC /* HomeView.swift */; };
		EFE82D8E24ED979E0044DFBC /* Assets.xcassets in Resources */ = {isa = PBXBuildFile; fileRef = EFE82D8D24ED979E0044DFBC /* Assets.xcassets */; };
		EFE82D9124ED979E0044DFBC /* Preview Assets.xcassets in Resources */ = {isa = PBXBuildFile; fileRef = EFE82D9024ED979E0044DFBC /* Preview Assets.xcassets */; };
		EFE82D9424ED979E0044DFBC /* LaunchScreen.storyboard in Resources */ = {isa = PBXBuildFile; fileRef = EFE82D9224ED979E0044DFBC /* LaunchScreen.storyboard */; };
		EFE82D9C24ED99D50044DFBC /* Drink.swift in Sources */ = {isa = PBXBuildFile; fileRef = EFE82D9B24ED99D50044DFBC /* Drink.swift */; };
		EFE82D9E24ED9C210044DFBC /* drinks.json in Resources */ = {isa = PBXBuildFile; fileRef = EFE82D9D24ED9C210044DFBC /* drinks.json */; };
		EFE82DA024ED9CB40044DFBC /* Data.swift in Sources */ = {isa = PBXBuildFile; fileRef = EFE82D9F24ED9CB40044DFBC /* Data.swift */; };
		EFE82DA224ED9E950044DFBC /* DrinkItem.swift in Sources */ = {isa = PBXBuildFile; fileRef = EFE82DA124ED9E950044DFBC /* DrinkItem.swift */; };
		EFE82DA424EE46170044DFBC /* DrinkRow.swift in Sources */ = {isa = PBXBuildFile; fileRef = EFE82DA324EE46170044DFBC /* DrinkRow.swift */; };
/* End PBXBuildFile section */

/* Begin PBXFileReference section */
		EF96134A24EE959B00956583 /* DrinksDetails.swift */ = {isa = PBXFileReference; lastKnownFileType = sourcecode.swift; path = DrinksDetails.swift; sourceTree = "<group>"; };
		EFE82D8424ED979B0044DFBC /* CoffeeOrderApplication.app */ = {isa = PBXFileReference; explicitFileType = wrapper.application; includeInIndex = 0; path = CoffeeOrderApplication.app; sourceTree = BUILT_PRODUCTS_DIR; };
		EFE82D8724ED979B0044DFBC /* AppDelegate.swift */ = {isa = PBXFileReference; lastKnownFileType = sourcecode.swift; path = AppDelegate.swift; sourceTree = "<group>"; };
		EFE82D8924ED979B0044DFBC /* SceneDelegate.swift */ = {isa = PBXFileReference; lastKnownFileType = sourcecode.swift; path = SceneDelegate.swift; sourceTree = "<group>"; };
		EFE82D8B24ED979B0044DFBC /* HomeView.swift */ = {isa = PBXFileReference; lastKnownFileType = sourcecode.swift; path = HomeView.swift; sourceTree = "<group>"; };
		EFE82D8D24ED979E0044DFBC /* Assets.xcassets */ = {isa = PBXFileReference; lastKnownFileType = folder.assetcatalog; path = Assets.xcassets; sourceTree = "<group>"; };
		EFE82D9024ED979E0044DFBC /* Preview Assets.xcassets */ = {isa = PBXFileReference; lastKnownFileType = folder.assetcatalog; path = "Preview Assets.xcassets"; sourceTree = "<group>"; };
		EFE82D9324ED979E0044DFBC /* Base */ = {isa = PBXFileReference; lastKnownFileType = file.storyboard; name = Base; path = Base.lproj/LaunchScreen.storyboard; sourceTree = "<group>"; };
		EFE82D9524ED979E0044DFBC /* Info.plist */ = {isa = PBXFileReference; lastKnownFileType = text.plist.xml; path = Info.plist; sourceTree = "<group>"; };
		EFE82D9B24ED99D50044DFBC /* Drink.swift */ = {isa = PBXFileReference; lastKnownFileType = sourcecode.swift; path = Drink.swift; sourceTree = "<group>"; };
		EFE82D9D24ED9C210044DFBC /* drinks.json */ = {isa = PBXFileReference; fileEncoding = 4; lastKnownFileType = text.json; path = drinks.json; sourceTree = "<group>"; };
		EFE82D9F24ED9CB40044DFBC /* Data.swift */ = {isa = PBXFileReference; lastKnownFileType = sourcecode.swift; path = Data.swift; sourceTree = "<group>"; };
		EFE82DA124ED9E950044DFBC /* DrinkItem.swift */ = {isa = PBXFileReference; lastKnownFileType = sourcecode.swift; path = DrinkItem.swift; sourceTree = "<group>"; };
		EFE82DA324EE46170044DFBC /* DrinkRow.swift */ = {isa = PBXFileReference; lastKnownFileType = sourcecode.swift; path = DrinkRow.swift; sourceTree = "<group>"; };
/* End PBXFileReference section */

/* Begin PBXFrameworksBuildPhase section */
		EFE82D8124ED979B0044DFBC /* Frameworks */ = {
			isa = PBXFrameworksBuildPhase;
			buildActionMask = 2147483647;
			files = (
			);
			runOnlyForDeploymentPostprocessing = 0;
		};
/* End PBXFrameworksBuildPhase section */

/* Begin PBXGroup section */
		EF96134D24EE9DD400956583 /* Views */ = {
			isa = PBXGroup;
			children = (
				EFE82D8B24ED979B0044DFBC /* HomeView.swift */,
				EFE82DA124ED9E950044DFBC /* DrinkItem.swift */,
				EFE82DA324EE46170044DFBC /* DrinkRow.swift */,
				EF96134A24EE959B00956583 /* DrinksDetails.swift */,
			);
			path = Views;
			sourceTree = "<group>";
		};
		EF96134E24EE9DF200956583 /* Models */ = {
			isa = PBXGroup;
			children = (
				EFE82D9B24ED99D50044DFBC /* Drink.swift */,
				EFE82D9F24ED9CB40044DFBC /* Data.swift */,
			);
			path = Models;
			sourceTree = "<group>";
		};
		EFE82D7B24ED979B0044DFBC = {
			isa = PBXGroup;
			children = (
				EFE82D8624ED979B0044DFBC /* CoffeeOrderApplication */,
				EFE82D8524ED979B0044DFBC /* Products */,
			);
			sourceTree = "<group>";
		};
		EFE82D8524ED979B0044DFBC /* Products */ = {
			isa = PBXGroup;
			children = (
				EFE82D8424ED979B0044DFBC /* CoffeeOrderApplication.app */,
			);
			name = Products;
			sourceTree = "<group>";
		};
		EFE82D8624ED979B0044DFBC /* CoffeeOrderApplication */ = {
			isa = PBXGroup;
			children = (
				EF96134E24EE9DF200956583 /* Models */,
				EFE82D8724ED979B0044DFBC /* AppDelegate.swift */,
				EFE82D8924ED979B0044DFBC /* SceneDelegate.swift */,
				EF96134D24EE9DD400956583 /* Views */,
				EFE82D8D24ED979E0044DFBC /* Assets.xcassets */,
				EFE82D9224ED979E0044DFBC /* LaunchScreen.storyboard */,
				EFE82D9524ED979E0044DFBC /* Info.plist */,
				EFE82D9D24ED9C210044DFBC /* drinks.json */,
				EFE82D8F24ED979E0044DFBC /* Preview Content */,
			);
			path = CoffeeOrderApplication;
			sourceTree = "<group>";
		};
		EFE82D8F24ED979E0044DFBC /* Preview Content */ = {
			isa = PBXGroup;
			children = (
				EFE82D9024ED979E0044DFBC /* Preview Assets.xcassets */,
			);
			path = "Preview Content";
			sourceTree = "<group>";
		};
/* End PBXGroup section */

/* Begin PBXNativeTarget section */
		EFE82D8324ED979B0044DFBC /* CoffeeOrderApplication */ = {
			isa = PBXNativeTarget;
			buildConfigurationList = EFE82D9824ED979E0044DFBC /* Build configuration list for PBXNativeTarget "CoffeeOrderApplication" */;
			buildPhases = (
				EFE82D8024ED979B0044DFBC /* Sources */,
				EFE82D8124ED979B0044DFBC /* Frameworks */,
				EFE82D8224ED979B0044DFBC /* Resources */,
			);
			buildRules = (
			);
			dependencies = (
			);
			name = CoffeeOrderApplication;
			productName = CoffeeOrderApplication;
			productReference = EFE82D8424ED979B0044DFBC /* CoffeeOrderApplication.app */;
			productType = "com.apple.product-type.application";
		};
/* End PBXNativeTarget section */

/* Begin PBXProject section */
		EFE82D7C24ED979B0044DFBC /* Project object */ = {
			isa = PBXProject;
			attributes = {
				LastSwiftUpdateCheck = 1110;
				LastUpgradeCheck = 1110;
				ORGANIZATIONNAME = Abhishek;
				TargetAttributes = {
					EFE82D8324ED979B0044DFBC = {
						CreatedOnToolsVersion = 11.1;
					};
				};
			};
			buildConfigurationList = EFE82D7F24ED979B0044DFBC /* Build configuration list for PBXProject "CoffeeOrderApplication" */;
			compatibilityVersion = "Xcode 9.3";
			developmentRegion = en;
			hasScannedForEncodings = 0;
			knownRegions = (
				en,
				Base,
			);
			mainGroup = EFE82D7B24ED979B0044DFBC;
			productRefGroup = EFE82D8524ED979B0044DFBC /* Products */;
			projectDirPath = "";
			projectRoot = "";
			targets = (
				EFE82D8324ED979B0044DFBC /* CoffeeOrderApplication */,
			);
		};
/* End PBXProject section */

/* Begin PBXResourcesBuildPhase section */
		EFE82D8224ED979B0044DFBC /* Resources */ = {
			isa = PBXResourcesBuildPhase;
			buildActionMask = 2147483647;
			files = (
				EFE82D9424ED979E0044DFBC /* LaunchScreen.storyboard in Resources */,
				EFE82D9124ED979E0044DFBC /* Preview Assets.xcassets in Resources */,
				EFE82D9E24ED9C210044DFBC /* drinks.json in Resources */,
				EFE82D8E24ED979E0044DFBC /* Assets.xcassets in Resources */,
			);
			runOnlyForDeploymentPostprocessing = 0;
		};
/* End PBXResourcesBuildPhase section */

/* Begin PBXSourcesBuildPhase section */
		EFE82D8024ED979B0044DFBC /* Sources */ = {
			isa = PBXSourcesBuildPhase;
			buildActionMask = 2147483647;
			files = (
				EFE82D8824ED979B0044DFBC /* AppDelegate.swift in Sources */,
				EFE82DA024ED9CB40044DFBC /* Data.swift in Sources */,
				EFE82DA424EE46170044DFBC /* DrinkRow.swift in Sources */,
				EFE82D8A24ED979B0044DFBC /* SceneDelegate.swift in Sources */,
				EFE82D9C24ED99D50044DFBC /* Drink.swift in Sources */,
				EFE82D8C24ED979B0044DFBC /* HomeView.swift in Sources */,
				EFE82DA224ED9E950044DFBC /* DrinkItem.swift in Sources */,
				EF96134B24EE959B00956583 /* DrinksDetails.swift in Sources */,
			);
			runOnlyForDeploymentPostprocessing = 0;
		};
/* End PBXSourcesBuildPhase section */

/* Begin PBXVariantGroup section */
		EFE82D9224ED979E0044DFBC /* LaunchScreen.storyboard */ = {
			isa = PBXVariantGroup;
			children = (
				EFE82D9324ED979E0044DFBC /* Base */,
			);
			name = LaunchScreen.storyboard;
			sourceTree = "<group>";
		};
/* End PBXVariantGroup section */

/* Begin XCBuildConfiguration section */
		EFE82D9624ED979E0044DFBC /* Debug */ = {
			isa = XCBuildConfiguration;
			buildSettings = {
				ALWAYS_SEARCH_USER_PATHS = NO;
				CLANG_ANALYZER_NONNULL = YES;
				CLANG_ANALYZER_NUMBER_OBJECT_CONVERSION = YES_AGGRESSIVE;
				CLANG_CXX_LANGUAGE_STANDARD = "gnu++14";
				CLANG_CXX_LIBRARY = "libc++";
				CLANG_ENABLE_MODULES = YES;
				CLANG_ENABLE_OBJC_ARC = YES;
				CLANG_ENABLE_OBJC_WEAK = YES;
				CLANG_WARN_BLOCK_CAPTURE_AUTORELEASING = YES;
				CLANG_WARN_BOOL_CONVERSION = YES;
				CLANG_WARN_COMMA = YES;
				CLANG_WARN_CONSTANT_CONVERSION = YES;
				CLANG_WARN_DEPRECATED_OBJC_IMPLEMENTATIONS = YES;
				CLANG_WARN_DIRECT_OBJC_ISA_USAGE = YES_ERROR;
				CLANG_WARN_DOCUMENTATION_COMMENTS = YES;
				CLANG_WARN_EMPTY_BODY = YES;
				CLANG_WARN_ENUM_CONVERSION = YES;
				CLANG_WARN_INFINITE_RECURSION = YES;
				CLANG_WARN_INT_CONVERSION = YES;
				CLANG_WARN_NON_LITERAL_NULL_CONVERSION = YES;
				CLANG_WARN_OBJC_IMPLICIT_RETAIN_SELF = YES;
				CLANG_WARN_OBJC_LITERAL_CONVERSION = YES;
				CLANG_WARN_OBJC_ROOT_CLASS = YES_ERROR;
				CLANG_WARN_RANGE_LOOP_ANALYSIS = YES;
				CLANG_WARN_STRICT_PROTOTYPES = YES;
				CLANG_WARN_SUSPICIOUS_MOVE = YES;
				CLANG_WARN_UNGUARDED_AVAILABILITY = YES_AGGRESSIVE;
				CLANG_WARN_UNREACHABLE_CODE = YES;
				CLANG_WARN__DUPLICATE_METHOD_MATCH = YES;
				COPY_PHASE_STRIP = NO;
				DEBUG_INFORMATION_FORMAT = dwarf;
				ENABLE_STRICT_OBJC_MSGSEND = YES;
				ENABLE_TESTABILITY = YES;
				GCC_C_LANGUAGE_STANDARD = gnu11;
				GCC_DYNAMIC_NO_PIC = NO;
				GCC_NO_COMMON_BLOCKS = YES;
				GCC_OPTIMIZATION_LEVEL = 0;
				GCC_PREPROCESSOR_DEFINITIONS = (
					"DEBUG=1",
					"$(inherited)",
				);
				GCC_WARN_64_TO_32_BIT_CONVERSION = YES;
				GCC_WARN_ABOUT_RETURN_TYPE = YES_ERROR;
				GCC_WARN_UNDECLARED_SELECTOR = YES;
				GCC_WARN_UNINITIALIZED_AUTOS = YES_AGGRESSIVE;
				GCC_WARN_UNUSED_FUNCTION = YES;
				GCC_WARN_UNUSED_VARIABLE = YES;
				IPHONEOS_DEPLOYMENT_TARGET = 13.1;
				MTL_ENABLE_DEBUG_INFO = INCLUDE_SOURCE;
				MTL_FAST_MATH = YES;
				ONLY_ACTIVE_ARCH = YES;
				SDKROOT = iphoneos;
				SWIFT_ACTIVE_COMPILATION_CONDITIONS = DEBUG;
				SWIFT_OPTIMIZATION_LEVEL = "-Onone";
			};
			name = Debug;
		};
		EFE82D9724ED979E0044DFBC /* Release */ = {
			isa = XCBuildConfiguration;
			buildSettings = {
				ALWAYS_SEARCH_USER_PATHS = NO;
				CLANG_ANALYZER_NONNULL = YES;
				CLANG_ANALYZER_NUMBER_OBJECT_CONVERSION = YES_AGGRESSIVE;
				CLANG_CXX_LANGUAGE_STANDARD = "gnu++14";
				CLANG_CXX_LIBRARY = "libc++";
				CLANG_ENABLE_MODULES = YES;
				CLANG_ENABLE_OBJC_ARC = YES;
				CLANG_ENABLE_OBJC_WEAK = YES;
				CLANG_WARN_BLOCK_CAPTURE_AUTORELEASING = YES;
				CLANG_WARN_BOOL_CONVERSION = YES;
				CLANG_WARN_COMMA = YES;
				CLANG_WARN_CONSTANT_CONVERSION = YES;
				CLANG_WARN_DEPRECATED_OBJC_IMPLEMENTATIONS = YES;
				CLANG_WARN_DIRECT_OBJC_ISA_USAGE = YES_ERROR;
				CLANG_WARN_DOCUMENTATION_COMMENTS = YES;
				CLANG_WARN_EMPTY_BODY = YES;
				CLANG_WARN_ENUM_CONVERSION = YES;
				CLANG_WARN_INFINITE_RECURSION = YES;
				CLANG_WARN_INT_CONVERSION = YES;
				CLANG_WARN_NON_LITERAL_NULL_CONVERSION = YES;
				CLANG_WARN_OBJC_IMPLICIT_RETAIN_SELF = YES;
				CLANG_WARN_OBJC_LITERAL_CONVERSION = YES;
				CLANG_WARN_OBJC_ROOT_CLASS = YES_ERROR;
				CLANG_WARN_RANGE_LOOP_ANALYSIS = YES;
				CLANG_WARN_STRICT_PROTOTYPES = YES;
				CLANG_WARN_SUSPICIOUS_MOVE = YES;
				CLANG_WARN_UNGUARDED_AVAILABILITY = YES_AGGRESSIVE;
				CLANG_WARN_UNREACHABLE_CODE = YES;
				CLANG_WARN__DUPLICATE_METHOD_MATCH = YES;
				COPY_PHASE_STRIP = NO;
				DEBUG_INFORMATION_FORMAT = "dwarf-with-dsym";
				ENABLE_NS_ASSERTIONS = NO;
				ENABLE_STRICT_OBJC_MSGSEND = YES;
				GCC_C_LANGUAGE_STANDARD = gnu11;
				GCC_NO_COMMON_BLOCKS = YES;
				GCC_WARN_64_TO_32_BIT_CONVERSION = YES;
				GCC_WARN_ABOUT_RETURN_TYPE = YES_ERROR;
				GCC_WARN_UNDECLARED_SELECTOR = YES;
				GCC_WARN_UNINITIALIZED_AUTOS = YES_AGGRESSIVE;
				GCC_WARN_UNUSED_FUNCTION = YES;
				GCC_WARN_UNUSED_VARIABLE = YES;
				IPHONEOS_DEPLOYMENT_TARGET = 13.1;
				MTL_ENABLE_DEBUG_INFO = NO;
				MTL_FAST_MATH = YES;
				SDKROOT = iphoneos;
				SWIFT_COMPILATION_MODE = wholemodule;
				SWIFT_OPTIMIZATION_LEVEL = "-O";
				VALIDATE_PRODUCT = YES;
			};
			name = Release;
		};
		EFE82D9924ED979E0044DFBC /* Debug */ = {
			isa = XCBuildConfiguration;
			buildSettings = {
				ASSETCATALOG_COMPILER_APPICON_NAME = AppIcon;
				CODE_SIGN_STYLE = Automatic;
				DEVELOPMENT_ASSET_PATHS = "\"CoffeeOrderApplication/Preview Content\"";
				DEVELOPMENT_TEAM = TVRC7674UG;
				ENABLE_PREVIEWS = YES;
				INFOPLIST_FILE = CoffeeOrderApplication/Info.plist;
				LD_RUNPATH_SEARCH_PATHS = (
					"$(inherited)",
					"@executable_path/Frameworks",
				);
				PRODUCT_BUNDLE_IDENTIFIER = abhishek.organization.CoffeeOrderApplication;
				PRODUCT_NAME = "$(TARGET_NAME)";
				SWIFT_VERSION = 5.0;
				TARGETED_DEVICE_FAMILY = "1,2";
			};
			name = Debug;
		};
		EFE82D9A24ED979E0044DFBC /* Release */ = {
			isa = XCBuildConfiguration;
			buildSettings = {
				ASSETCATALOG_COMPILER_APPICON_NAME = AppIcon;
				CODE_SIGN_STYLE = Automatic;
				DEVELOPMENT_ASSET_PATHS = "\"CoffeeOrderApplication/Preview Content\"";
				DEVELOPMENT_TEAM = TVRC7674UG;
				ENABLE_PREVIEWS = YES;
				INFOPLIST_FILE = CoffeeOrderApplication/Info.plist;
				LD_RUNPATH_SEARCH_PATHS = (
					"$(inherited)",
					"@executable_path/Frameworks",
				);
				PRODUCT_BUNDLE_IDENTIFIER = abhishek.organization.CoffeeOrderApplication;
				PRODUCT_NAME = "$(TARGET_NAME)";
				SWIFT_VERSION = 5.0;
				TARGETED_DEVICE_FAMILY = "1,2";
			};
			name = Release;
		};
/* End XCBuildConfiguration section */

/* Begin XCConfigurationList section */
		EFE82D7F24ED979B0044DFBC /* Build configuration list for PBXProject "CoffeeOrderApplication" */ = {
			isa = XCConfigurationList;
			buildConfigurations = (
				EFE82D9624ED979E0044DFBC /* Debug */,
				EFE82D9724ED979E0044DFBC /* Release */,
			);
			defaultConfigurationIsVisible = 0;
			defaultConfigurationName = Release;
		};
		EFE82D9824ED979E0044DFBC /* Build configuration list for PBXNativeTarget "CoffeeOrderApplication" */ = {
			isa = XCConfigurationList;
			buildConfigurations = (
				EFE82D9924ED979E0044DFBC /* Debug */,
				EFE82D9A24ED979E0044DFBC /* Release */,
			);
			defaultConfigurationIsVisible = 0;
			defaultConfigurationName = Release;
		};
/* End XCConfigurationList section */
	};
	rootObject = EFE82D7C24ED979B0044DFBC /* Project object */;
}
